Microsoft Visual Studio Solution File, Format Version 12.00
# Visual Studio Version 17
VisualStudioVersion = 17.5.2.0
MinimumVisualStudioVersion = 10.0.40219.1
Project("{2150E333-8FDC-42A3-9474-1A3956D46DE8}") = "FE", "FE", "{6A166452-0661-9F2D-66B3-878B7B8DAE7B}"
EndProject
Project("{2150E333-8FDC-42A3-9474-1A3956D46DE8}") = "auction", "auction", "{622A5FF9-EA20-73AD-5810-7BE4478975ED}"
EndProject
Project("{2150E333-8FDC-42A3-9474-1A3956D46DE8}") = "tools", "tools", "{48E34AD5-4104-223C-C7F7-F20965E92B57}"
EndProject
Project("{FAE04EC0-301F-11D3-BF4B-00C04F79EFBC}") = "Auction.StubApi", "FE\auction\tools\Auction.StubApi\Auction.StubApi.csproj", "{335FE5AD-9117-C78B-03AA-C3E64D85B5A3}"
EndProject
Global
	GlobalSection(SolutionConfigurationPlatforms) = preSolution
		Debug|Any CPU = Debug|Any CPU
		Release|Any CPU = Release|Any CPU
	EndGlobalSection
	GlobalSection(ProjectConfigurationPlatforms) = postSolution
		{335FE5AD-9117-C78B-03AA-C3E64D85B5A3}.Debug|Any CPU.ActiveCfg = Debug|Any CPU
		{335FE5AD-9117-C78B-03AA-C3E64D85B5A3}.Debug|Any CPU.Build.0 = Debug|Any CPU
		{335FE5AD-9117-C78B-03AA-C3E64D85B5A3}.Release|Any CPU.ActiveCfg = Release|Any CPU
		{335FE5AD-9117-C78B-03AA-C3E64D85B5A3}.Release|Any CPU.Build.0 = Release|Any CPU
	EndGlobalSection
	GlobalSection(SolutionProperties) = preSolution
		HideSolutionNode = FALSE
	EndGlobalSection
	GlobalSection(NestedProjects) = preSolution
		{622A5FF9-EA20-73AD-5810-7BE4478975ED} = {6A166452-0661-9F2D-66B3-878B7B8DAE7B}
		{48E34AD5-4104-223C-C7F7-F20965E92B57} = {622A5FF9-EA20-73AD-5810-7BE4478975ED}
		{335FE5AD-9117-C78B-03AA-C3E64D85B5A3} = {48E34AD5-4104-223C-C7F7-F20965E92B57}
	EndGlobalSection
	GlobalSection(ExtensibilityGlobals) = postSolution
		SolutionGuid = {6BACDED2-F97F-45BB-8873-FD12BD81337C}
	EndGlobalSection
EndGlobal
