
Microsoft Visual Studio Solution File, Format Version 12.00
# Visual Studio Version 17
VisualStudioVersion = 17.14.36915.13
MinimumVisualStudioVersion = 10.0.40219.1
Project("{FAE04EC0-301F-11D3-BF4B-00C04F79EFBC}") = "OAuthStart", "OAuthStart\OAuthStart.csproj", "{72A275D4-8024-4348-863E-23CB912FBF3D}"
EndProject
Project("{FAE04EC0-301F-11D3-BF4B-00C04F79EFBC}") = "UserManagement", "UserRegistration\UserManagement.csproj", "{73695615-C829-4ED3-8FC1-5433513179EE}"
EndProject
Project("{FAE04EC0-301F-11D3-BF4B-00C04F79EFBC}") = "RoleManagment", "RoleManagment\RoleManagment.csproj", "{D6F1AB49-7E4A-4416-8598-BFA98D749CA8}"
EndProject
Project("{FAE04EC0-301F-11D3-BF4B-00C04F79EFBC}") = "SecretHandling", "SecretHandling\SecretHandling.csproj", "{74757E08-AF09-4D6D-9F76-449F3A7EDE5E}"
EndProject
Project("{FAE04EC0-301F-11D3-BF4B-00C04F79EFBC}") = "TokenValidation", "TokenValidation\TokenValidation.csproj", "{0DC62645-ED34-40B8-8B49-10ED398FBF07}"
EndProject
Project("{FAE04EC0-301F-11D3-BF4B-00C04F79EFBC}") = "ServicesHoster", "ServicesHoster\ServicesHoster.csproj", "{B9AF9F69-003B-4449-8FA3-3FD17250F6B9}"
EndProject
Project("{FAE04EC0-301F-11D3-BF4B-00C04F79EFBC}") = "OAuthCodeFlowService", "OAuthCodeFlowService\OAuthCodeFlowService.csproj", "{EE0D6599-6288-4B1C-8CA6-214EAC397770}"
EndProject
Global
	GlobalSection(SolutionConfigurationPlatforms) = preSolution
		Debug|Any CPU = Debug|Any CPU
		Release|Any CPU = Release|Any CPU
	EndGlobalSection
	GlobalSection(ProjectConfigurationPlatforms) = postSolution
		{72A275D4-8024-4348-863E-23CB912FBF3D}.Debug|Any CPU.ActiveCfg = Debug|Any CPU
		{72A275D4-8024-4348-863E-23CB912FBF3D}.Debug|Any CPU.Build.0 = Debug|Any CPU
		{72A275D4-8024-4348-863E-23CB912FBF3D}.Release|Any CPU.ActiveCfg = Release|Any CPU
		{72A275D4-8024-4348-863E-23CB912FBF3D}.Release|Any CPU.Build.0 = Release|Any CPU
		{73695615-C829-4ED3-8FC1-5433513179EE}.Debug|Any CPU.ActiveCfg = Debug|Any CPU
		{73695615-C829-4ED3-8FC1-5433513179EE}.Debug|Any CPU.Build.0 = Debug|Any CPU
		{73695615-C829-4ED3-8FC1-5433513179EE}.Release|Any CPU.ActiveCfg = Release|Any CPU
		{73695615-C829-4ED3-8FC1-5433513179EE}.Release|Any CPU.Build.0 = Release|Any CPU
		{D6F1AB49-7E4A-4416-8598-BFA98D749CA8}.Debug|Any CPU.ActiveCfg = Debug|Any CPU
		{D6F1AB49-7E4A-4416-8598-BFA98D749CA8}.Debug|Any CPU.Build.0 = Debug|Any CPU
		{D6F1AB49-7E4A-4416-8598-BFA98D749CA8}.Release|Any CPU.ActiveCfg = Release|Any CPU
		{D6F1AB49-7E4A-4416-8598-BFA98D749CA8}.Release|Any CPU.Build.0 = Release|Any CPU
		{74757E08-AF09-4D6D-9F76-449F3A7EDE5E}.Debug|Any CPU.ActiveCfg = Debug|Any CPU
		{74757E08-AF09-4D6D-9F76-449F3A7EDE5E}.Debug|Any CPU.Build.0 = Debug|Any CPU
		{74757E08-AF09-4D6D-9F76-449F3A7EDE5E}.Release|Any CPU.ActiveCfg = Release|Any CPU
		{74757E08-AF09-4D6D-9F76-449F3A7EDE5E}.Release|Any CPU.Build.0 = Release|Any CPU
		{0DC62645-ED34-40B8-8B49-10ED398FBF07}.Debug|Any CPU.ActiveCfg = Debug|Any CPU
		{0DC62645-ED34-40B8-8B49-10ED398FBF07}.Debug|Any CPU.Build.0 = Debug|Any CPU
		{0DC62645-ED34-40B8-8B49-10ED398FBF07}.Release|Any CPU.ActiveCfg = Release|Any CPU
		{0DC62645-ED34-40B8-8B49-10ED398FBF07}.Release|Any CPU.Build.0 = Release|Any CPU
		{B9AF9F69-003B-4449-8FA3-3FD17250F6B9}.Debug|Any CPU.ActiveCfg = Debug|Any CPU
		{B9AF9F69-003B-4449-8FA3-3FD17250F6B9}.Debug|Any CPU.Build.0 = Debug|Any CPU
		{B9AF9F69-003B-4449-8FA3-3FD17250F6B9}.Release|Any CPU.ActiveCfg = Release|Any CPU
		{B9AF9F69-003B-4449-8FA3-3FD17250F6B9}.Release|Any CPU.Build.0 = Release|Any CPU
		{EE0D6599-6288-4B1C-8CA6-214EAC397770}.Debug|Any CPU.ActiveCfg = Debug|Any CPU
		{EE0D6599-6288-4B1C-8CA6-214EAC397770}.Debug|Any CPU.Build.0 = Debug|Any CPU
		{EE0D6599-6288-4B1C-8CA6-214EAC397770}.Release|Any CPU.ActiveCfg = Release|Any CPU
		{EE0D6599-6288-4B1C-8CA6-214EAC397770}.Release|Any CPU.Build.0 = Release|Any CPU
	EndGlobalSection
	GlobalSection(SolutionProperties) = preSolution
		HideSolutionNode = FALSE
	EndGlobalSection
	GlobalSection(ExtensibilityGlobals) = postSolution
		SolutionGuid = {5C1E299E-9C40-465B-BF8E-2ED33D4CE7B1}
	EndGlobalSection
EndGlobal
